<?xml version="1.0" encoding="UTF-8" standalone="yes" ?>
<CodeBlocks_project_file>
	<FileVersion major="1" minor="6" />
	<Project>
		<Option title="Projeto de Prog" />
		<Option pch_mode="2" />
		<Option compiler="gcc" />
		<Build>
			<Target title="Debug">
				<Option output="bin/Debug/Projeto de Prog" prefix_auto="1" extension_auto="1" />
				<Option object_output="obj/Debug/" />
				<Option type="1" />
				<Option compiler="gcc" />
				<Compiler>
					<Add option="-g" />
				</Compiler>
			</Target>
			<Target title="Release">
				<Option output="bin/Release/Projeto de Prog" prefix_auto="1" extension_auto="1" />
				<Option object_output="obj/Release/" />
				<Option type="1" />
				<Option compiler="gcc" />
				<Compiler>
					<Add option="-O2" />
				</Compiler>
				<Linker>
					<Add option="-s" />
				</Linker>
			</Target>
		</Build>
		<Compiler>
			<Add option="-Wall" />
			<Add option="-fexceptions" />
		</Compiler>
		<Unit filename="../Prog/Prog/Cliente.cpp" />
		<Unit filename="../Prog/Prog/Cliente.h" />
		<Unit filename="../Prog/Prog/Date.cpp" />
		<Unit filename="../Prog/Prog/Date.h" />
		<Unit filename="../Prog/Prog/LEIA-ME" />
		<Unit filename="../Prog/Prog/Makefile" />
		<Unit filename="../Prog/Prog/Menus.cpp" />
		<Unit filename="../Prog/Prog/Menus.h" />
		<Unit filename="../Prog/Prog/Produto.cpp" />
		<Unit filename="../Prog/Prog/Produto.h" />
		<Unit filename="../Prog/Prog/Transacao.cpp" />
		<Unit filename="../Prog/Prog/Transacao.h" />
		<Unit filename="../Prog/Prog/Vende++.cpp" />
		<Unit filename="../Prog/Prog/Vende++.h" />
		<Unit filename="../Prog/Prog/clientes.txt" />
		<Unit filename="../Prog/Prog/defs.h" />
		<Unit filename="../Prog/Prog/main.cpp" />
		<Unit filename="../Prog/Prog/produtos.txt" />
		<Unit filename="../Prog/Prog/transacoes.txt" />
		<Unit filename="../Prog/Prog/utils.cpp" />
		<Unit filename="../Prog/Prog/utils.h" />
		<Unit filename="../root/Funcs.cpp" />
		<Unit filename="../root/Funcs.h" />
		<Extensions>
			<code_completion />
			<envvars />
			<debugger />
			<lib_finder disable_auto="1" />
		</Extensions>
	</Project>
</CodeBlocks_project_file>
